
Microsoft Visual Studio Solution File, Format Version 12.00
# Visual Studio Version 17
VisualStudioVersion = 17.11.35222.181
MinimumVisualStudioVersion = 10.0.40219.1
Project("{888888A0-9F3D-457C-B088-3A5042F75D52}") = "Timer", "Timer\Timer.pyproj", "{DE2121F7-D696-4974-B367-7FCDE19A2A1E}"
EndProject
Global
	GlobalSection(SolutionConfigurationPlatforms) = preSolution
		Debug|Any CPU = Debug|Any CPU
		Release|Any CPU = Release|Any CPU
	EndGlobalSection
	GlobalSection(ProjectConfigurationPlatforms) = postSolution
		{DE2121F7-D696-4974-B367-7FCDE19A2A1E}.Debug|Any CPU.ActiveCfg = Debug|Any CPU
		{DE2121F7-D696-4974-B367-7FCDE19A2A1E}.Release|Any CPU.ActiveCfg = Release|Any CPU
	EndGlobalSection
	GlobalSection(SolutionProperties) = preSolution
		HideSolutionNode = FALSE
	EndGlobalSection
	GlobalSection(ExtensibilityGlobals) = postSolution
		SolutionGuid = {7DACC9B2-E6B7-42A2-96C0-2B31D81F09BC}
	EndGlobalSection
EndGlobal
